{
  "requires": true,
  "lockfileVersion": 1,
  "dependencies": {
    "applicationinsights": {
      "version": "1.0.6",
      "resolved": "https://registry.npmjs.org/applicationinsights/-/applicationinsights-1.0.6.tgz",
      "integrity": "sha512-VQT3kBpJVPw5fCO5n+WUeSx0VHjxFtD7znYbILBlVgOS9/cMDuGFmV2Br3ObzFyZUDGNbEfW36fD1y2/vAiCKw==",
      "requires": {
        "diagnostic-channel": "0.2.0",
        "diagnostic-channel-publishers": "0.2.1",
        "zone.js": "0.7.6"
      }
    },
    "diagnostic-channel": {
      "version": "0.2.0",
      "resolved": "https://registry.npmjs.org/diagnostic-channel/-/diagnostic-channel-0.2.0.tgz",
      "integrity": "sha1-zJmvlhLCP7H/8TYSxy8sv6qNWhc=",
      "requires": {
        "semver": "5.6.0"
      }
    },
    "diagnostic-channel-publishers": {
      "version": "0.2.1",
      "resolved": "https://registry.npmjs.org/diagnostic-channel-publishers/-/diagnostic-channel-publishers-0.2.1.tgz",
      "integrity": "sha1-ji1geottef6IC1SLxYzGvrKIxPM="
    },
    "semver": {
      "version": "5.6.0",
      "resolved": "https://registry.npmjs.org/semver/-/semver-5.6.0.tgz",
      "integrity": "sha512-RS9R6R35NYgQn++fkDWaOmqGoj4Ek9gGs+DPxNUZKuwE183xjJroKvyo1IzVFeXvUrvmALy6FWD5xrdJT25gMg=="
    },
    "zone.js": {
      "version": "0.7.6",
      "resolved": "https://registry.npmjs.org/zone.js/-/zone.js-0.7.6.tgz",
      "integrity": "sha1-+7w50+AmHQmG8boGMG6zrrDSIAk="
    }
  }
}
