
Microsoft Visual Studio Solution File, Format Version 12.00
# Visual Studio 15
VisualStudioVersion = 15.0.28307.106
MinimumVisualStudioVersion = 10.0.40219.1
Project("{F2A71F9B-5D33-465A-A702-920D77279786}") = "StackOverflowParser", "StackOverflowParser\StackOverflowParser.fsproj", "{34025295-7416-4CE1-A674-5363857B3858}"
EndProject
Global
	GlobalSection(SolutionConfigurationPlatforms) = preSolution
		Debug|Any CPU = Debug|Any CPU
		Release|Any CPU = Release|Any CPU
	EndGlobalSection
	GlobalSection(ProjectConfigurationPlatforms) = postSolution
		{34025295-7416-4CE1-A674-5363857B3858}.Debug|Any CPU.ActiveCfg = Debug|Any CPU
		{34025295-7416-4CE1-A674-5363857B3858}.Debug|Any CPU.Build.0 = Debug|Any CPU
		{34025295-7416-4CE1-A674-5363857B3858}.Release|Any CPU.ActiveCfg = Release|Any CPU
		{34025295-7416-4CE1-A674-5363857B3858}.Release|Any CPU.Build.0 = Release|Any CPU
	EndGlobalSection
	GlobalSection(SolutionProperties) = preSolution
		HideSolutionNode = FALSE
	EndGlobalSection
	GlobalSection(ExtensibilityGlobals) = postSolution
		SolutionGuid = {C5ECD024-C315-4B58-AC6F-0CD9A47D863F}
	EndGlobalSection
EndGlobal
